
Microsoft Visual Studio Solution File, Format Version 12.00
# Visual Studio 15
VisualStudioVersion = 15.0.26430.13
MinimumVisualStudioVersion = 10.0.40219.1
Project("{2150E333-8FDC-42A3-9474-1A3956D46DE8}") = "src", "src", "{AE3E98DB-35C1-42D8-AB6D-DE37189DDAA1}"
EndProject
Project("{2150E333-8FDC-42A3-9474-1A3956D46DE8}") = "Solution Items", "Solution Items", "{1D26002E-3D0A-47FC-A1F7-BC56D11EC5BF}"
	ProjectSection(SolutionItems) = preProject
		global.json = global.json
		..\TesteAspNetCore\ProjetoCrudDDDAsp.NETCore\Package.txt = ..\TesteAspNetCore\ProjetoCrudDDDAsp.NETCore\Package.txt
	EndProjectSection
EndProject
Project("{2150E333-8FDC-42A3-9474-1A3956D46DE8}") = "1 - Presentation", "1 - Presentation", "{9340B0E0-D3D9-4917-B0AA-093A95183265}"
EndProject
Project("{2150E333-8FDC-42A3-9474-1A3956D46DE8}") = "3 - Application", "3 - Application", "{8941C48B-849B-4625-B5F8-0EF567135BC0}"
EndProject
Project("{2150E333-8FDC-42A3-9474-1A3956D46DE8}") = "4 - Domain", "4 - Domain", "{988F2F26-89C2-4C44-B1BB-42C394832A4E}"
EndProject
Project("{2150E333-8FDC-42A3-9474-1A3956D46DE8}") = "5 - Infra", "5 - Infra", "{04CCC7F8-8AF7-4965-B2EF-2E28331BE421}"
EndProject
Project("{2150E333-8FDC-42A3-9474-1A3956D46DE8}") = "5.1 - Data", "5.1 - Data", "{DCCD4FD6-B437-4586-B932-7AC40EF86A71}"
EndProject
Project("{2150E333-8FDC-42A3-9474-1A3956D46DE8}") = "5.2 - CrossCutting", "5.2 - CrossCutting", "{68258835-A222-468B-84F5-441AD58BCD51}"
EndProject
Project("{2150E333-8FDC-42A3-9474-1A3956D46DE8}") = "2 - Services", "2 - Services", "{A5EBFB52-C5C5-4F98-B441-E48DA9CA5744}"
EndProject
Project("{9A19103F-16F7-4668-BE54-9A1E7A4F7556}") = "Admin", "src\Web\Admin\Admin.csproj", "{4F15FD87-D304-4587-9FF8-0363FE047816}"
EndProject
Project("{9A19103F-16F7-4668-BE54-9A1E7A4F7556}") = "WebApi", "src\Web\WebApi\WebApi.csproj", "{D88A99B7-B426-47FC-92AC-23DA9708736A}"
EndProject
Project("{9A19103F-16F7-4668-BE54-9A1E7A4F7556}") = "Application", "src\Core\Application\Application.csproj", "{B9256734-38C2-4B75-8F44-B3E7765C431F}"
EndProject
Project("{9A19103F-16F7-4668-BE54-9A1E7A4F7556}") = "Domain", "src\Core\Domain\Domain.csproj", "{0A14F01C-EBC8-4169-90B6-A6E64F4C7896}"
EndProject
Project("{9A19103F-16F7-4668-BE54-9A1E7A4F7556}") = "Domain.Core", "src\Core\Domain.Core\Domain.Core.csproj", "{5B55F692-A358-42E8-9390-05380C3EA4E5}"
EndProject
Project("{9A19103F-16F7-4668-BE54-9A1E7A4F7556}") = "Infra.Data", "src\Core\Infra.Data\Infra.Data.csproj", "{8676F3D7-9ED1-45BB-B322-8666C12BB7F8}"
EndProject
Project("{9A19103F-16F7-4668-BE54-9A1E7A4F7556}") = "Infra.CrossCutting.Bus", "src\Core\Infra.CrossCutting.Bus\Infra.CrossCutting.Bus.csproj", "{A40022F9-445C-4347-8EAD-91A46869926B}"
EndProject
Project("{9A19103F-16F7-4668-BE54-9A1E7A4F7556}") = "Infra.CrossCutting.Identity", "src\Core\Infra.CrossCutting.Identity\Infra.CrossCutting.Identity.csproj", "{A043EF22-FBB7-4825-9627-594C176FF222}"
EndProject
Project("{9A19103F-16F7-4668-BE54-9A1E7A4F7556}") = "Infra.CrossCutting.IoC", "src\Core\Infra.CrossCutting.IoC\Infra.CrossCutting.IoC.csproj", "{C64CC689-45FE-4C5A-8DA6-62FB980BB91E}"
EndProject
Global
	GlobalSection(SolutionConfigurationPlatforms) = preSolution
		Debug|Any CPU = Debug|Any CPU
		Release|Any CPU = Release|Any CPU
	EndGlobalSection
	GlobalSection(ProjectConfigurationPlatforms) = postSolution
		{4F15FD87-D304-4587-9FF8-0363FE047816}.Debug|Any CPU.ActiveCfg = Debug|Any CPU
		{4F15FD87-D304-4587-9FF8-0363FE047816}.Debug|Any CPU.Build.0 = Debug|Any CPU
		{4F15FD87-D304-4587-9FF8-0363FE047816}.Release|Any CPU.ActiveCfg = Release|Any CPU
		{4F15FD87-D304-4587-9FF8-0363FE047816}.Release|Any CPU.Build.0 = Release|Any CPU
		{D88A99B7-B426-47FC-92AC-23DA9708736A}.Debug|Any CPU.ActiveCfg = Debug|Any CPU
		{D88A99B7-B426-47FC-92AC-23DA9708736A}.Debug|Any CPU.Build.0 = Debug|Any CPU
		{D88A99B7-B426-47FC-92AC-23DA9708736A}.Release|Any CPU.ActiveCfg = Release|Any CPU
		{D88A99B7-B426-47FC-92AC-23DA9708736A}.Release|Any CPU.Build.0 = Release|Any CPU
		{B9256734-38C2-4B75-8F44-B3E7765C431F}.Debug|Any CPU.ActiveCfg = Debug|Any CPU
		{B9256734-38C2-4B75-8F44-B3E7765C431F}.Debug|Any CPU.Build.0 = Debug|Any CPU
		{B9256734-38C2-4B75-8F44-B3E7765C431F}.Release|Any CPU.ActiveCfg = Release|Any CPU
		{B9256734-38C2-4B75-8F44-B3E7765C431F}.Release|Any CPU.Build.0 = Release|Any CPU
		{0A14F01C-EBC8-4169-90B6-A6E64F4C7896}.Debug|Any CPU.ActiveCfg = Debug|Any CPU
		{0A14F01C-EBC8-4169-90B6-A6E64F4C7896}.Debug|Any CPU.Build.0 = Debug|Any CPU
		{0A14F01C-EBC8-4169-90B6-A6E64F4C7896}.Release|Any CPU.ActiveCfg = Release|Any CPU
		{0A14F01C-EBC8-4169-90B6-A6E64F4C7896}.Release|Any CPU.Build.0 = Release|Any CPU
		{5B55F692-A358-42E8-9390-05380C3EA4E5}.Debug|Any CPU.ActiveCfg = Debug|Any CPU
		{5B55F692-A358-42E8-9390-05380C3EA4E5}.Debug|Any CPU.Build.0 = Debug|Any CPU
		{5B55F692-A358-42E8-9390-05380C3EA4E5}.Release|Any CPU.ActiveCfg = Release|Any CPU
		{5B55F692-A358-42E8-9390-05380C3EA4E5}.Release|Any CPU.Build.0 = Release|Any CPU
		{8676F3D7-9ED1-45BB-B322-8666C12BB7F8}.Debug|Any CPU.ActiveCfg = Debug|Any CPU
		{8676F3D7-9ED1-45BB-B322-8666C12BB7F8}.Debug|Any CPU.Build.0 = Debug|Any CPU
		{8676F3D7-9ED1-45BB-B322-8666C12BB7F8}.Release|Any CPU.ActiveCfg = Release|Any CPU
		{8676F3D7-9ED1-45BB-B322-8666C12BB7F8}.Release|Any CPU.Build.0 = Release|Any CPU
		{A40022F9-445C-4347-8EAD-91A46869926B}.Debug|Any CPU.ActiveCfg = Debug|Any CPU
		{A40022F9-445C-4347-8EAD-91A46869926B}.Debug|Any CPU.Build.0 = Debug|Any CPU
		{A40022F9-445C-4347-8EAD-91A46869926B}.Release|Any CPU.ActiveCfg = Release|Any CPU
		{A40022F9-445C-4347-8EAD-91A46869926B}.Release|Any CPU.Build.0 = Release|Any CPU
		{A043EF22-FBB7-4825-9627-594C176FF222}.Debug|Any CPU.ActiveCfg = Debug|Any CPU
		{A043EF22-FBB7-4825-9627-594C176FF222}.Debug|Any CPU.Build.0 = Debug|Any CPU
		{A043EF22-FBB7-4825-9627-594C176FF222}.Release|Any CPU.ActiveCfg = Release|Any CPU
		{A043EF22-FBB7-4825-9627-594C176FF222}.Release|Any CPU.Build.0 = Release|Any CPU
		{C64CC689-45FE-4C5A-8DA6-62FB980BB91E}.Debug|Any CPU.ActiveCfg = Debug|Any CPU
		{C64CC689-45FE-4C5A-8DA6-62FB980BB91E}.Debug|Any CPU.Build.0 = Debug|Any CPU
		{C64CC689-45FE-4C5A-8DA6-62FB980BB91E}.Release|Any CPU.ActiveCfg = Release|Any CPU
		{C64CC689-45FE-4C5A-8DA6-62FB980BB91E}.Release|Any CPU.Build.0 = Release|Any CPU
	EndGlobalSection
	GlobalSection(SolutionProperties) = preSolution
		HideSolutionNode = FALSE
	EndGlobalSection
	GlobalSection(NestedProjects) = preSolution
		{9340B0E0-D3D9-4917-B0AA-093A95183265} = {AE3E98DB-35C1-42D8-AB6D-DE37189DDAA1}
		{8941C48B-849B-4625-B5F8-0EF567135BC0} = {AE3E98DB-35C1-42D8-AB6D-DE37189DDAA1}
		{988F2F26-89C2-4C44-B1BB-42C394832A4E} = {AE3E98DB-35C1-42D8-AB6D-DE37189DDAA1}
		{04CCC7F8-8AF7-4965-B2EF-2E28331BE421} = {AE3E98DB-35C1-42D8-AB6D-DE37189DDAA1}
		{DCCD4FD6-B437-4586-B932-7AC40EF86A71} = {04CCC7F8-8AF7-4965-B2EF-2E28331BE421}
		{68258835-A222-468B-84F5-441AD58BCD51} = {04CCC7F8-8AF7-4965-B2EF-2E28331BE421}
		{A5EBFB52-C5C5-4F98-B441-E48DA9CA5744} = {AE3E98DB-35C1-42D8-AB6D-DE37189DDAA1}
		{4F15FD87-D304-4587-9FF8-0363FE047816} = {9340B0E0-D3D9-4917-B0AA-093A95183265}
		{D88A99B7-B426-47FC-92AC-23DA9708736A} = {A5EBFB52-C5C5-4F98-B441-E48DA9CA5744}
		{B9256734-38C2-4B75-8F44-B3E7765C431F} = {8941C48B-849B-4625-B5F8-0EF567135BC0}
		{0A14F01C-EBC8-4169-90B6-A6E64F4C7896} = {988F2F26-89C2-4C44-B1BB-42C394832A4E}
		{5B55F692-A358-42E8-9390-05380C3EA4E5} = {988F2F26-89C2-4C44-B1BB-42C394832A4E}
		{8676F3D7-9ED1-45BB-B322-8666C12BB7F8} = {DCCD4FD6-B437-4586-B932-7AC40EF86A71}
		{A40022F9-445C-4347-8EAD-91A46869926B} = {68258835-A222-468B-84F5-441AD58BCD51}
		{A043EF22-FBB7-4825-9627-594C176FF222} = {68258835-A222-468B-84F5-441AD58BCD51}
		{C64CC689-45FE-4C5A-8DA6-62FB980BB91E} = {68258835-A222-468B-84F5-441AD58BCD51}
	EndGlobalSection
	GlobalSection(ExtensibilityGlobals) = postSolution
		SolutionGuid = {A401B7C6-9977-4D1F-9E96-7EAC5583486E}
	EndGlobalSection
EndGlobal
